
Microsoft Visual Studio Solution File, Format Version 12.00
# Visual Studio Version 17
VisualStudioVersion = 17.10.35027.167
MinimumVisualStudioVersion = 10.0.40219.1
Project("{FAE04EC0-301F-11D3-BF4B-00C04F79EFBC}") = "BancoCajero.Domain", "BancoCajero.Domain\BancoCajero.Domain.csproj", "{3F90B588-9B2E-423A-A91D-88276E8E49C6}"
EndProject
Project("{FAE04EC0-301F-11D3-BF4B-00C04F79EFBC}") = "BancoCajero.Application", "BancoCajero.Application\BancoCajero.Application.csproj", "{46F43560-C534-41A2-9E52-D9E785D8B9EB}"
EndProject
Project("{FAE04EC0-301F-11D3-BF4B-00C04F79EFBC}") = "BancoCajero.Infrastructure", "BancoCajero.Infrastructure\BancoCajero.Infrastructure.csproj", "{97A57369-0189-4F3E-967D-458F6BFEEF17}"
EndProject
Project("{FAE04EC0-301F-11D3-BF4B-00C04F79EFBC}") = "BancoCajero.API", "BancoCajero.API\BancoCajero.API.csproj", "{C9ECE749-FDAB-47D2-8CDC-883B1FE4DB5B}"
EndProject
Project("{FAE04EC0-301F-11D3-BF4B-00C04F79EFBC}") = "BancoCajero.Tests", "BancoCajero.Tests\BancoCajero.Tests.csproj", "{29B2E15F-31BE-4B83-9646-86052770D4FB}"
EndProject
Global
	GlobalSection(SolutionConfigurationPlatforms) = preSolution
		Debug|Any CPU = Debug|Any CPU
		Release|Any CPU = Release|Any CPU
	EndGlobalSection
	GlobalSection(ProjectConfigurationPlatforms) = postSolution
		{3F90B588-9B2E-423A-A91D-88276E8E49C6}.Debug|Any CPU.ActiveCfg = Debug|Any CPU
		{3F90B588-9B2E-423A-A91D-88276E8E49C6}.Debug|Any CPU.Build.0 = Debug|Any CPU
		{3F90B588-9B2E-423A-A91D-88276E8E49C6}.Release|Any CPU.ActiveCfg = Release|Any CPU
		{3F90B588-9B2E-423A-A91D-88276E8E49C6}.Release|Any CPU.Build.0 = Release|Any CPU
		{46F43560-C534-41A2-9E52-D9E785D8B9EB}.Debug|Any CPU.ActiveCfg = Debug|Any CPU
		{46F43560-C534-41A2-9E52-D9E785D8B9EB}.Debug|Any CPU.Build.0 = Debug|Any CPU
		{46F43560-C534-41A2-9E52-D9E785D8B9EB}.Release|Any CPU.ActiveCfg = Release|Any CPU
		{46F43560-C534-41A2-9E52-D9E785D8B9EB}.Release|Any CPU.Build.0 = Release|Any CPU
		{97A57369-0189-4F3E-967D-458F6BFEEF17}.Debug|Any CPU.ActiveCfg = Debug|Any CPU
		{97A57369-0189-4F3E-967D-458F6BFEEF17}.Debug|Any CPU.Build.0 = Debug|Any CPU
		{97A57369-0189-4F3E-967D-458F6BFEEF17}.Release|Any CPU.ActiveCfg = Release|Any CPU
		{97A57369-0189-4F3E-967D-458F6BFEEF17}.Release|Any CPU.Build.0 = Release|Any CPU
		{C9ECE749-FDAB-47D2-8CDC-883B1FE4DB5B}.Debug|Any CPU.ActiveCfg = Debug|Any CPU
		{C9ECE749-FDAB-47D2-8CDC-883B1FE4DB5B}.Debug|Any CPU.Build.0 = Debug|Any CPU
		{C9ECE749-FDAB-47D2-8CDC-883B1FE4DB5B}.Release|Any CPU.ActiveCfg = Release|Any CPU
		{C9ECE749-FDAB-47D2-8CDC-883B1FE4DB5B}.Release|Any CPU.Build.0 = Release|Any CPU
		{29B2E15F-31BE-4B83-9646-86052770D4FB}.Debug|Any CPU.ActiveCfg = Debug|Any CPU
		{29B2E15F-31BE-4B83-9646-86052770D4FB}.Debug|Any CPU.Build.0 = Debug|Any CPU
		{29B2E15F-31BE-4B83-9646-86052770D4FB}.Release|Any CPU.ActiveCfg = Release|Any CPU
		{29B2E15F-31BE-4B83-9646-86052770D4FB}.Release|Any CPU.Build.0 = Release|Any CPU
	EndGlobalSection
	GlobalSection(SolutionProperties) = preSolution
		HideSolutionNode = FALSE
	EndGlobalSection
	GlobalSection(ExtensibilityGlobals) = postSolution
		SolutionGuid = {28A186BD-4A8A-440B-99BA-6C085F6536F6}
	EndGlobalSection
EndGlobal
